
Microsoft Visual Studio Solution File, Format Version 11.00
# Visual Studio 2010
Project("{FAE04EC0-301F-11D3-BF4B-00C04F79EFBC}") = "Assembly-CSharp", "Assembly-CSharp.csproj", "{268708cc-5544-04cc-3946-8203fd095cde}"
EndProject
Project("{FAE04EC0-301F-11D3-BF4B-00C04F79EFBC}") = "Assembly-CSharp-Editor-firstpass", "Assembly-CSharp-Editor-firstpass.csproj", "{40bfd2de-1307-2764-23ef-f50ca6d0ce1c}"
EndProject
Global
	GlobalSection(SolutionConfigurationPlatforms) = preSolution
		Debug|Any CPU = Debug|Any CPU
	EndGlobalSection
	GlobalSection(ProjectConfigurationPlatforms) = postSolution
		{268708cc-5544-04cc-3946-8203fd095cde}.Debug|Any CPU.ActiveCfg = Debug|Any CPU
		{268708cc-5544-04cc-3946-8203fd095cde}.Debug|Any CPU.Build.0 = Debug|Any CPU
		{40bfd2de-1307-2764-23ef-f50ca6d0ce1c}.Debug|Any CPU.ActiveCfg = Debug|Any CPU
		{40bfd2de-1307-2764-23ef-f50ca6d0ce1c}.Debug|Any CPU.Build.0 = Debug|Any CPU
	EndGlobalSection
	GlobalSection(SolutionProperties) = preSolution
		HideSolutionNode = FALSE
	EndGlobalSection
EndGlobal
